
Microsoft Visual Studio Solution File, Format Version 12.00
# Visual Studio Version 17
VisualStudioVersion = 17.0.32112.339
MinimumVisualStudioVersion = 10.0.40219.1
Project("{FAE04EC0-301F-11D3-BF4B-00C04F79EFBC}") = "DiaryProject", "Задание 3\DiaryProject.csproj", "{5A7CB7E3-EE02-47C9-830F-B1F17B7C4806}"
EndProject
Global
	GlobalSection(SolutionConfigurationPlatforms) = preSolution
		Debug|Any CPU = Debug|Any CPU
		Release|Any CPU = Release|Any CPU
	EndGlobalSection
	GlobalSection(ProjectConfigurationPlatforms) = postSolution
		{5A7CB7E3-EE02-47C9-830F-B1F17B7C4806}.Debug|Any CPU.ActiveCfg = Debug|Any CPU
		{5A7CB7E3-EE02-47C9-830F-B1F17B7C4806}.Debug|Any CPU.Build.0 = Debug|Any CPU
		{5A7CB7E3-EE02-47C9-830F-B1F17B7C4806}.Release|Any CPU.ActiveCfg = Release|Any CPU
		{5A7CB7E3-EE02-47C9-830F-B1F17B7C4806}.Release|Any CPU.Build.0 = Release|Any CPU
	EndGlobalSection
	GlobalSection(SolutionProperties) = preSolution
		HideSolutionNode = FALSE
	EndGlobalSection
	GlobalSection(ExtensibilityGlobals) = postSolution
		SolutionGuid = {82EB9A71-2434-4987-942A-027B040F6153}
	EndGlobalSection
EndGlobal
